
Microsoft Visual Studio Solution File, Format Version 12.00
# Visual Studio 14
VisualStudioVersion = 14.0.24720.0
MinimumVisualStudioVersion = 10.0.40219.1
Project("{FAE04EC0-301F-11D3-BF4B-00C04F79EFBC}") = "Histacom2.Engine", "Histacom2.Engine\Histacom2.Engine.csproj", "{9477B70F-2D32-4E1D-857B-4624A1DEEB1B}"
EndProject
Project("{FAE04EC0-301F-11D3-BF4B-00C04F79EFBC}") = "Histacom2", "Histacom2\Histacom2.csproj", "{B958AA5F-8AED-456C-9C07-9E4C6C027042}"
EndProject
Global
	GlobalSection(SolutionConfigurationPlatforms) = preSolution
		Debug|Any CPU = Debug|Any CPU
		Debug|x86 = Debug|x86
		Release|Any CPU = Release|Any CPU
		Release|x86 = Release|x86
	EndGlobalSection
	GlobalSection(ProjectConfigurationPlatforms) = postSolution
		{9477B70F-2D32-4E1D-857B-4624A1DEEB1B}.Debug|Any CPU.ActiveCfg = Debug|Any CPU
		{9477B70F-2D32-4E1D-857B-4624A1DEEB1B}.Debug|Any CPU.Build.0 = Debug|Any CPU
		{9477B70F-2D32-4E1D-857B-4624A1DEEB1B}.Debug|x86.ActiveCfg = Debug|Any CPU
		{9477B70F-2D32-4E1D-857B-4624A1DEEB1B}.Debug|x86.Build.0 = Debug|Any CPU
		{9477B70F-2D32-4E1D-857B-4624A1DEEB1B}.Release|Any CPU.ActiveCfg = Release|Any CPU
		{9477B70F-2D32-4E1D-857B-4624A1DEEB1B}.Release|Any CPU.Build.0 = Release|Any CPU
		{9477B70F-2D32-4E1D-857B-4624A1DEEB1B}.Release|x86.ActiveCfg = Release|Any CPU
		{9477B70F-2D32-4E1D-857B-4624A1DEEB1B}.Release|x86.Build.0 = Release|Any CPU
		{B958AA5F-8AED-456C-9C07-9E4C6C027042}.Debug|Any CPU.ActiveCfg = Debug|Any CPU
		{B958AA5F-8AED-456C-9C07-9E4C6C027042}.Debug|Any CPU.Build.0 = Debug|Any CPU
		{B958AA5F-8AED-456C-9C07-9E4C6C027042}.Debug|x86.ActiveCfg = Debug|x86
		{B958AA5F-8AED-456C-9C07-9E4C6C027042}.Debug|x86.Build.0 = Debug|x86
		{B958AA5F-8AED-456C-9C07-9E4C6C027042}.Release|Any CPU.ActiveCfg = Release|Any CPU
		{B958AA5F-8AED-456C-9C07-9E4C6C027042}.Release|Any CPU.Build.0 = Release|Any CPU
		{B958AA5F-8AED-456C-9C07-9E4C6C027042}.Release|x86.ActiveCfg = Release|x86
		{B958AA5F-8AED-456C-9C07-9E4C6C027042}.Release|x86.Build.0 = Release|x86
	EndGlobalSection
	GlobalSection(SolutionProperties) = preSolution
		HideSolutionNode = FALSE
	EndGlobalSection
EndGlobal
